
Microsoft Visual Studio Solution File, Format Version 12.00
# Visual Studio 15
VisualStudioVersion = 15.0.27130.2027
MinimumVisualStudioVersion = 10.0.40219.1
Project("{FAE04EC0-301F-11D3-BF4B-00C04F79EFBC}") = "ServicosHidrauTurbo", "ServicosHidrauTurbo\ServicosHidrauTurbo.csproj", "{9236A8B7-14FC-4F5F-A163-B26D2AB153B8}"
EndProject
Project("{FAE04EC0-301F-11D3-BF4B-00C04F79EFBC}") = "ConsoleApp1", "ConsoleApp1\ConsoleApp1.csproj", "{913C629F-6A0D-4631-B3E4-EEE0286AB6EF}"
EndProject
Project("{FAE04EC0-301F-11D3-BF4B-00C04F79EFBC}") = "GmailQuickstart", "GmailQuickstart\GmailQuickstart.csproj", "{D89A8934-2771-49A1-AC22-7BC1C8684E7A}"
EndProject
Global
	GlobalSection(SolutionConfigurationPlatforms) = preSolution
		Debug|Any CPU = Debug|Any CPU
		Release|Any CPU = Release|Any CPU
	EndGlobalSection
	GlobalSection(ProjectConfigurationPlatforms) = postSolution
		{9236A8B7-14FC-4F5F-A163-B26D2AB153B8}.Debug|Any CPU.ActiveCfg = Debug|Any CPU
		{9236A8B7-14FC-4F5F-A163-B26D2AB153B8}.Debug|Any CPU.Build.0 = Debug|Any CPU
		{9236A8B7-14FC-4F5F-A163-B26D2AB153B8}.Release|Any CPU.ActiveCfg = Release|Any CPU
		{9236A8B7-14FC-4F5F-A163-B26D2AB153B8}.Release|Any CPU.Build.0 = Release|Any CPU
		{913C629F-6A0D-4631-B3E4-EEE0286AB6EF}.Debug|Any CPU.ActiveCfg = Debug|Any CPU
		{913C629F-6A0D-4631-B3E4-EEE0286AB6EF}.Debug|Any CPU.Build.0 = Debug|Any CPU
		{913C629F-6A0D-4631-B3E4-EEE0286AB6EF}.Release|Any CPU.ActiveCfg = Release|Any CPU
		{913C629F-6A0D-4631-B3E4-EEE0286AB6EF}.Release|Any CPU.Build.0 = Release|Any CPU
		{D89A8934-2771-49A1-AC22-7BC1C8684E7A}.Debug|Any CPU.ActiveCfg = Debug|Any CPU
		{D89A8934-2771-49A1-AC22-7BC1C8684E7A}.Debug|Any CPU.Build.0 = Debug|Any CPU
		{D89A8934-2771-49A1-AC22-7BC1C8684E7A}.Release|Any CPU.ActiveCfg = Release|Any CPU
		{D89A8934-2771-49A1-AC22-7BC1C8684E7A}.Release|Any CPU.Build.0 = Release|Any CPU
	EndGlobalSection
	GlobalSection(SolutionProperties) = preSolution
		HideSolutionNode = FALSE
	EndGlobalSection
	GlobalSection(ExtensibilityGlobals) = postSolution
		SolutionGuid = {A673E7A2-A955-4A33-8ED0-52809D706CC5}
	EndGlobalSection
EndGlobal
